{
  "name": "server",
  "lockfileVersion": 2,
  "requires": true,
  "packages": {
    "": {
      "dependencies": {
        "express-es6-template-engine": "^2.2.3"
      }
    },
    "node_modules/express-es6-template-engine": {
      "version": "2.2.3",
      "resolved": "https://registry.npmjs.org/express-es6-template-engine/-/express-es6-template-engine-2.2.3.tgz",
      "integrity": "sha512-YArtrydeVPURRC7Ov+8HiwsmyBRvBdKkTpRjQd9CcvruckR8ts2dU0QqfLt05Yqc8PuHME45HGvumdZM+jzFxQ=="
    }
  },
  "dependencies": {
    "express-es6-template-engine": {
      "version": "2.2.3",
      "resolved": "https://registry.npmjs.org/express-es6-template-engine/-/express-es6-template-engine-2.2.3.tgz",
      "integrity": "sha512-YArtrydeVPURRC7Ov+8HiwsmyBRvBdKkTpRjQd9CcvruckR8ts2dU0QqfLt05Yqc8PuHME45HGvumdZM+jzFxQ=="
    }
  }
}
